
Microsoft Visual Studio Solution File, Format Version 12.00
# Visual Studio Version 17
VisualStudioVersion = 17.7.34221.43
MinimumVisualStudioVersion = 10.0.40219.1
Project("{9A19103F-16F7-4668-BE54-9A1E7A4F7556}") = "CryBackupService", "CryBackupService\CryBackupService.csproj", "{D67D55EA-11B7-430D-BA02-D4186D420052}"
EndProject
Project("{9A19103F-16F7-4668-BE54-9A1E7A4F7556}") = "CryBackupInterface", "CryBackupInterface\CryBackupInterface.csproj", "{2E1360FD-B567-4403-8FD1-01B6CC494852}"
EndProject
Project("{9A19103F-16F7-4668-BE54-9A1E7A4F7556}") = "CryBackup.CommonData", "CryBackup.CommonData\CryBackup.CommonData.csproj", "{B2033948-4FC4-4FDD-9FBD-558EA72B8717}"
EndProject
Global
	GlobalSection(SolutionConfigurationPlatforms) = preSolution
		Bench_Debug|Any CPU = Bench_Debug|Any CPU
		Bench_Debug|ARM32 = Bench_Debug|ARM32
		Bench_Debug|ARM64 = Bench_Debug|ARM64
		Bench_Debug|x64 = Bench_Debug|x64
		Bench|Any CPU = Bench|Any CPU
		Bench|ARM32 = Bench|ARM32
		Bench|ARM64 = Bench|ARM64
		Bench|x64 = Bench|x64
		Debug|Any CPU = Debug|Any CPU
		Debug|ARM32 = Debug|ARM32
		Debug|ARM64 = Debug|ARM64
		Debug|x64 = Debug|x64
		Release|Any CPU = Release|Any CPU
		Release|ARM32 = Release|ARM32
		Release|ARM64 = Release|ARM64
		Release|x64 = Release|x64
	EndGlobalSection
	GlobalSection(ProjectConfigurationPlatforms) = postSolution
		{D67D55EA-11B7-430D-BA02-D4186D420052}.Bench_Debug|Any CPU.ActiveCfg = Debug|Any CPU
		{D67D55EA-11B7-430D-BA02-D4186D420052}.Bench_Debug|Any CPU.Build.0 = Debug|Any CPU
		{D67D55EA-11B7-430D-BA02-D4186D420052}.Bench_Debug|ARM32.ActiveCfg = Debug|Any CPU
		{D67D55EA-11B7-430D-BA02-D4186D420052}.Bench_Debug|ARM32.Build.0 = Debug|Any CPU
		{D67D55EA-11B7-430D-BA02-D4186D420052}.Bench_Debug|ARM64.ActiveCfg = Debug|Any CPU
		{D67D55EA-11B7-430D-BA02-D4186D420052}.Bench_Debug|ARM64.Build.0 = Debug|Any CPU
		{D67D55EA-11B7-430D-BA02-D4186D420052}.Bench_Debug|x64.ActiveCfg = Debug|Any CPU
		{D67D55EA-11B7-430D-BA02-D4186D420052}.Bench_Debug|x64.Build.0 = Debug|Any CPU
		{D67D55EA-11B7-430D-BA02-D4186D420052}.Bench|Any CPU.ActiveCfg = Debug|Any CPU
		{D67D55EA-11B7-430D-BA02-D4186D420052}.Bench|Any CPU.Build.0 = Debug|Any CPU
		{D67D55EA-11B7-430D-BA02-D4186D420052}.Bench|ARM32.ActiveCfg = Release|Any CPU
		{D67D55EA-11B7-430D-BA02-D4186D420052}.Bench|ARM32.Build.0 = Release|Any CPU
		{D67D55EA-11B7-430D-BA02-D4186D420052}.Bench|ARM64.ActiveCfg = Debug|Any CPU
		{D67D55EA-11B7-430D-BA02-D4186D420052}.Bench|ARM64.Build.0 = Debug|Any CPU
		{D67D55EA-11B7-430D-BA02-D4186D420052}.Bench|x64.ActiveCfg = Debug|Any CPU
		{D67D55EA-11B7-430D-BA02-D4186D420052}.Bench|x64.Build.0 = Debug|Any CPU
		{D67D55EA-11B7-430D-BA02-D4186D420052}.Debug|Any CPU.ActiveCfg = Debug|Any CPU
		{D67D55EA-11B7-430D-BA02-D4186D420052}.Debug|Any CPU.Build.0 = Debug|Any CPU
		{D67D55EA-11B7-430D-BA02-D4186D420052}.Debug|ARM32.ActiveCfg = Debug|Any CPU
		{D67D55EA-11B7-430D-BA02-D4186D420052}.Debug|ARM32.Build.0 = Debug|Any CPU
		{D67D55EA-11B7-430D-BA02-D4186D420052}.Debug|ARM64.ActiveCfg = Debug|Any CPU
		{D67D55EA-11B7-430D-BA02-D4186D420052}.Debug|ARM64.Build.0 = Debug|Any CPU
		{D67D55EA-11B7-430D-BA02-D4186D420052}.Debug|x64.ActiveCfg = Debug|Any CPU
		{D67D55EA-11B7-430D-BA02-D4186D420052}.Debug|x64.Build.0 = Debug|Any CPU
		{D67D55EA-11B7-430D-BA02-D4186D420052}.Release|Any CPU.ActiveCfg = Release|Any CPU
		{D67D55EA-11B7-430D-BA02-D4186D420052}.Release|Any CPU.Build.0 = Release|Any CPU
		{D67D55EA-11B7-430D-BA02-D4186D420052}.Release|ARM32.ActiveCfg = Release|Any CPU
		{D67D55EA-11B7-430D-BA02-D4186D420052}.Release|ARM32.Build.0 = Release|Any CPU
		{D67D55EA-11B7-430D-BA02-D4186D420052}.Release|ARM64.ActiveCfg = Release|Any CPU
		{D67D55EA-11B7-430D-BA02-D4186D420052}.Release|ARM64.Build.0 = Release|Any CPU
		{D67D55EA-11B7-430D-BA02-D4186D420052}.Release|x64.ActiveCfg = Release|Any CPU
		{D67D55EA-11B7-430D-BA02-D4186D420052}.Release|x64.Build.0 = Release|Any CPU
		{2E1360FD-B567-4403-8FD1-01B6CC494852}.Bench_Debug|Any CPU.ActiveCfg = Debug|Any CPU
		{2E1360FD-B567-4403-8FD1-01B6CC494852}.Bench_Debug|Any CPU.Build.0 = Debug|Any CPU
		{2E1360FD-B567-4403-8FD1-01B6CC494852}.Bench_Debug|ARM32.ActiveCfg = Debug|Any CPU
		{2E1360FD-B567-4403-8FD1-01B6CC494852}.Bench_Debug|ARM32.Build.0 = Debug|Any CPU
		{2E1360FD-B567-4403-8FD1-01B6CC494852}.Bench_Debug|ARM64.ActiveCfg = Debug|Any CPU
		{2E1360FD-B567-4403-8FD1-01B6CC494852}.Bench_Debug|ARM64.Build.0 = Debug|Any CPU
		{2E1360FD-B567-4403-8FD1-01B6CC494852}.Bench_Debug|x64.ActiveCfg = Debug|Any CPU
		{2E1360FD-B567-4403-8FD1-01B6CC494852}.Bench_Debug|x64.Build.0 = Debug|Any CPU
		{2E1360FD-B567-4403-8FD1-01B6CC494852}.Bench|Any CPU.ActiveCfg = Debug|Any CPU
		{2E1360FD-B567-4403-8FD1-01B6CC494852}.Bench|Any CPU.Build.0 = Debug|Any CPU
		{2E1360FD-B567-4403-8FD1-01B6CC494852}.Bench|ARM32.ActiveCfg = Release|Any CPU
		{2E1360FD-B567-4403-8FD1-01B6CC494852}.Bench|ARM32.Build.0 = Release|Any CPU
		{2E1360FD-B567-4403-8FD1-01B6CC494852}.Bench|ARM64.ActiveCfg = Debug|Any CPU
		{2E1360FD-B567-4403-8FD1-01B6CC494852}.Bench|ARM64.Build.0 = Debug|Any CPU
		{2E1360FD-B567-4403-8FD1-01B6CC494852}.Bench|x64.ActiveCfg = Debug|Any CPU
		{2E1360FD-B567-4403-8FD1-01B6CC494852}.Bench|x64.Build.0 = Debug|Any CPU
		{2E1360FD-B567-4403-8FD1-01B6CC494852}.Debug|Any CPU.ActiveCfg = Debug|Any CPU
		{2E1360FD-B567-4403-8FD1-01B6CC494852}.Debug|Any CPU.Build.0 = Debug|Any CPU
		{2E1360FD-B567-4403-8FD1-01B6CC494852}.Debug|ARM32.ActiveCfg = Debug|Any CPU
		{2E1360FD-B567-4403-8FD1-01B6CC494852}.Debug|ARM32.Build.0 = Debug|Any CPU
		{2E1360FD-B567-4403-8FD1-01B6CC494852}.Debug|ARM64.ActiveCfg = Debug|Any CPU
		{2E1360FD-B567-4403-8FD1-01B6CC494852}.Debug|ARM64.Build.0 = Debug|Any CPU
		{2E1360FD-B567-4403-8FD1-01B6CC494852}.Debug|x64.ActiveCfg = Debug|Any CPU
		{2E1360FD-B567-4403-8FD1-01B6CC494852}.Debug|x64.Build.0 = Debug|Any CPU
		{2E1360FD-B567-4403-8FD1-01B6CC494852}.Release|Any CPU.ActiveCfg = Release|Any CPU
		{2E1360FD-B567-4403-8FD1-01B6CC494852}.Release|Any CPU.Build.0 = Release|Any CPU
		{2E1360FD-B567-4403-8FD1-01B6CC494852}.Release|ARM32.ActiveCfg = Release|Any CPU
		{2E1360FD-B567-4403-8FD1-01B6CC494852}.Release|ARM32.Build.0 = Release|Any CPU
		{2E1360FD-B567-4403-8FD1-01B6CC494852}.Release|ARM64.ActiveCfg = Release|Any CPU
		{2E1360FD-B567-4403-8FD1-01B6CC494852}.Release|ARM64.Build.0 = Release|Any CPU
		{2E1360FD-B567-4403-8FD1-01B6CC494852}.Release|x64.ActiveCfg = Release|Any CPU
		{2E1360FD-B567-4403-8FD1-01B6CC494852}.Release|x64.Build.0 = Release|Any CPU
		{B2033948-4FC4-4FDD-9FBD-558EA72B8717}.Bench_Debug|Any CPU.ActiveCfg = Debug|Any CPU
		{B2033948-4FC4-4FDD-9FBD-558EA72B8717}.Bench_Debug|Any CPU.Build.0 = Debug|Any CPU
		{B2033948-4FC4-4FDD-9FBD-558EA72B8717}.Bench_Debug|ARM32.ActiveCfg = Debug|Any CPU
		{B2033948-4FC4-4FDD-9FBD-558EA72B8717}.Bench_Debug|ARM32.Build.0 = Debug|Any CPU
		{B2033948-4FC4-4FDD-9FBD-558EA72B8717}.Bench_Debug|ARM64.ActiveCfg = Debug|Any CPU
		{B2033948-4FC4-4FDD-9FBD-558EA72B8717}.Bench_Debug|ARM64.Build.0 = Debug|Any CPU
		{B2033948-4FC4-4FDD-9FBD-558EA72B8717}.Bench_Debug|x64.ActiveCfg = Debug|Any CPU
		{B2033948-4FC4-4FDD-9FBD-558EA72B8717}.Bench_Debug|x64.Build.0 = Debug|Any CPU
		{B2033948-4FC4-4FDD-9FBD-558EA72B8717}.Bench|Any CPU.ActiveCfg = Debug|Any CPU
		{B2033948-4FC4-4FDD-9FBD-558EA72B8717}.Bench|Any CPU.Build.0 = Debug|Any CPU
		{B2033948-4FC4-4FDD-9FBD-558EA72B8717}.Bench|ARM32.ActiveCfg = Debug|Any CPU
		{B2033948-4FC4-4FDD-9FBD-558EA72B8717}.Bench|ARM32.Build.0 = Debug|Any CPU
		{B2033948-4FC4-4FDD-9FBD-558EA72B8717}.Bench|ARM64.ActiveCfg = Debug|Any CPU
		{B2033948-4FC4-4FDD-9FBD-558EA72B8717}.Bench|ARM64.Build.0 = Debug|Any CPU
		{B2033948-4FC4-4FDD-9FBD-558EA72B8717}.Bench|x64.ActiveCfg = Debug|Any CPU
		{B2033948-4FC4-4FDD-9FBD-558EA72B8717}.Bench|x64.Build.0 = Debug|Any CPU
		{B2033948-4FC4-4FDD-9FBD-558EA72B8717}.Debug|Any CPU.ActiveCfg = Debug|Any CPU
		{B2033948-4FC4-4FDD-9FBD-558EA72B8717}.Debug|Any CPU.Build.0 = Debug|Any CPU
		{B2033948-4FC4-4FDD-9FBD-558EA72B8717}.Debug|ARM32.ActiveCfg = Debug|Any CPU
		{B2033948-4FC4-4FDD-9FBD-558EA72B8717}.Debug|ARM32.Build.0 = Debug|Any CPU
		{B2033948-4FC4-4FDD-9FBD-558EA72B8717}.Debug|ARM64.ActiveCfg = Debug|Any CPU
		{B2033948-4FC4-4FDD-9FBD-558EA72B8717}.Debug|ARM64.Build.0 = Debug|Any CPU
		{B2033948-4FC4-4FDD-9FBD-558EA72B8717}.Debug|x64.ActiveCfg = Debug|Any CPU
		{B2033948-4FC4-4FDD-9FBD-558EA72B8717}.Debug|x64.Build.0 = Debug|Any CPU
		{B2033948-4FC4-4FDD-9FBD-558EA72B8717}.Release|Any CPU.ActiveCfg = Release|Any CPU
		{B2033948-4FC4-4FDD-9FBD-558EA72B8717}.Release|Any CPU.Build.0 = Release|Any CPU
		{B2033948-4FC4-4FDD-9FBD-558EA72B8717}.Release|ARM32.ActiveCfg = Release|Any CPU
		{B2033948-4FC4-4FDD-9FBD-558EA72B8717}.Release|ARM32.Build.0 = Release|Any CPU
		{B2033948-4FC4-4FDD-9FBD-558EA72B8717}.Release|ARM64.ActiveCfg = Release|Any CPU
		{B2033948-4FC4-4FDD-9FBD-558EA72B8717}.Release|ARM64.Build.0 = Release|Any CPU
		{B2033948-4FC4-4FDD-9FBD-558EA72B8717}.Release|x64.ActiveCfg = Release|Any CPU
		{B2033948-4FC4-4FDD-9FBD-558EA72B8717}.Release|x64.Build.0 = Release|Any CPU
	EndGlobalSection
	GlobalSection(SolutionProperties) = preSolution
		HideSolutionNode = FALSE
	EndGlobalSection
	GlobalSection(ExtensibilityGlobals) = postSolution
		SolutionGuid = {57F83DA4-8D4D-43D2-9602-85D20998967F}
	EndGlobalSection
EndGlobal
